
Microsoft Visual Studio Solution File, Format Version 12.00
# Visual Studio Version 17
VisualStudioVersion = 17.13.35931.197
MinimumVisualStudioVersion = 10.0.40219.1
Project("{8BC9CEB8-8B4A-11D0-8D11-00A0C91BC942}") = "BasicTask01", "BasicTask01\BasicTask01.vcxproj", "{6ED43D43-945D-43A7-91C2-7F9DDEC38330}"
EndProject
Project("{8BC9CEB8-8B4A-11D0-8D11-00A0C91BC942}") = "BasicTask02", "BasicTask02\BasicTask02.vcxproj", "{7D779AAA-DCBB-49C2-8964-2581888736D8}"
EndProject
Project("{8BC9CEB8-8B4A-11D0-8D11-00A0C91BC942}") = "BasicTask03", "BasicTask03\BasicTask03.vcxproj", "{E78707DE-8804-4896-9094-9E084ACA04F8}"
EndProject
Project("{8BC9CEB8-8B4A-11D0-8D11-00A0C91BC942}") = "BasicTask04", "BasicTask04\BasicTask04.vcxproj", "{A104F358-CF20-417F-AF9B-245F40895469}"
EndProject
Project("{8BC9CEB8-8B4A-11D0-8D11-00A0C91BC942}") = "MainTask01", "MainTask01\MainTask01.vcxproj", "{351F786A-5A2A-4533-AE8D-A7AF83F50B5E}"
EndProject
Project("{8BC9CEB8-8B4A-11D0-8D11-00A0C91BC942}") = "MainTask02", "MainTask02\MainTask02.vcxproj", "{CA9BDC9F-D2D0-4421-BF2F-DAD41E44C6AD}"
EndProject
Project("{8BC9CEB8-8B4A-11D0-8D11-00A0C91BC942}") = "MainTask03", "MainTask03\MainTask03.vcxproj", "{1B059867-22D0-4AD2-A9BF-0D4F78A2C646}"
EndProject
Project("{8BC9CEB8-8B4A-11D0-8D11-00A0C91BC942}") = "MainTask04", "MainTask04\MainTask04.vcxproj", "{3354DB58-0F11-4D26-9BF4-C52CF3F1B3B2}"
EndProject
Project("{8BC9CEB8-8B4A-11D0-8D11-00A0C91BC942}") = "MainTask05", "MainTask05\MainTask05.vcxproj", "{B6E90E56-B88D-40D4-A33F-E7B927BF9D4B}"
EndProject
Project("{8BC9CEB8-8B4A-11D0-8D11-00A0C91BC942}") = "MainTask06", "MainTask06\MainTask06.vcxproj", "{17E854C9-FC88-42C1-BCE7-0B1104ECFCE0}"
EndProject
Project("{8BC9CEB8-8B4A-11D0-8D11-00A0C91BC942}") = "AdvanceTask01", "AdvanceTask01\AdvanceTask01.vcxproj", "{4FBD6244-32D3-4131-8D75-D6A899766D71}"
EndProject
Project("{8BC9CEB8-8B4A-11D0-8D11-00A0C91BC942}") = "AdvanceTask02", "AdvanceTask02\AdvanceTask02.vcxproj", "{0F39F5B7-10ED-40CA-91F1-767B0D9E28C7}"
EndProject
Project("{8BC9CEB8-8B4A-11D0-8D11-00A0C91BC942}") = "AdvanceTask03", "AdvanceTask03\AdvanceTask03.vcxproj", "{D0FA6C95-740A-4512-97FE-C3A6CB029B74}"
EndProject
Global
	GlobalSection(SolutionConfigurationPlatforms) = preSolution
		Debug|x64 = Debug|x64
		Debug|x86 = Debug|x86
		Release|x64 = Release|x64
		Release|x86 = Release|x86
	EndGlobalSection
	GlobalSection(ProjectConfigurationPlatforms) = postSolution
		{6ED43D43-945D-43A7-91C2-7F9DDEC38330}.Debug|x64.ActiveCfg = Debug|x64
		{6ED43D43-945D-43A7-91C2-7F9DDEC38330}.Debug|x64.Build.0 = Debug|x64
		{6ED43D43-945D-43A7-91C2-7F9DDEC38330}.Debug|x86.ActiveCfg = Debug|Win32
		{6ED43D43-945D-43A7-91C2-7F9DDEC38330}.Debug|x86.Build.0 = Debug|Win32
		{6ED43D43-945D-43A7-91C2-7F9DDEC38330}.Release|x64.ActiveCfg = Release|x64
		{6ED43D43-945D-43A7-91C2-7F9DDEC38330}.Release|x64.Build.0 = Release|x64
		{6ED43D43-945D-43A7-91C2-7F9DDEC38330}.Release|x86.ActiveCfg = Release|Win32
		{6ED43D43-945D-43A7-91C2-7F9DDEC38330}.Release|x86.Build.0 = Release|Win32
		{7D779AAA-DCBB-49C2-8964-2581888736D8}.Debug|x64.ActiveCfg = Debug|x64
		{7D779AAA-DCBB-49C2-8964-2581888736D8}.Debug|x64.Build.0 = Debug|x64
		{7D779AAA-DCBB-49C2-8964-2581888736D8}.Debug|x86.ActiveCfg = Debug|Win32
		{7D779AAA-DCBB-49C2-8964-2581888736D8}.Debug|x86.Build.0 = Debug|Win32
		{7D779AAA-DCBB-49C2-8964-2581888736D8}.Release|x64.ActiveCfg = Release|x64
		{7D779AAA-DCBB-49C2-8964-2581888736D8}.Release|x64.Build.0 = Release|x64
		{7D779AAA-DCBB-49C2-8964-2581888736D8}.Release|x86.ActiveCfg = Release|Win32
		{7D779AAA-DCBB-49C2-8964-2581888736D8}.Release|x86.Build.0 = Release|Win32
		{E78707DE-8804-4896-9094-9E084ACA04F8}.Debug|x64.ActiveCfg = Debug|x64
		{E78707DE-8804-4896-9094-9E084ACA04F8}.Debug|x64.Build.0 = Debug|x64
		{E78707DE-8804-4896-9094-9E084ACA04F8}.Debug|x86.ActiveCfg = Debug|Win32
		{E78707DE-8804-4896-9094-9E084ACA04F8}.Debug|x86.Build.0 = Debug|Win32
		{E78707DE-8804-4896-9094-9E084ACA04F8}.Release|x64.ActiveCfg = Release|x64
		{E78707DE-8804-4896-9094-9E084ACA04F8}.Release|x64.Build.0 = Release|x64
		{E78707DE-8804-4896-9094-9E084ACA04F8}.Release|x86.ActiveCfg = Release|Win32
		{E78707DE-8804-4896-9094-9E084ACA04F8}.Release|x86.Build.0 = Release|Win32
		{A104F358-CF20-417F-AF9B-245F40895469}.Debug|x64.ActiveCfg = Debug|x64
		{A104F358-CF20-417F-AF9B-245F40895469}.Debug|x64.Build.0 = Debug|x64
		{A104F358-CF20-417F-AF9B-245F40895469}.Debug|x86.ActiveCfg = Debug|Win32
		{A104F358-CF20-417F-AF9B-245F40895469}.Debug|x86.Build.0 = Debug|Win32
		{A104F358-CF20-417F-AF9B-245F40895469}.Release|x64.ActiveCfg = Release|x64
		{A104F358-CF20-417F-AF9B-245F40895469}.Release|x64.Build.0 = Release|x64
		{A104F358-CF20-417F-AF9B-245F40895469}.Release|x86.ActiveCfg = Release|Win32
		{A104F358-CF20-417F-AF9B-245F40895469}.Release|x86.Build.0 = Release|Win32
		{351F786A-5A2A-4533-AE8D-A7AF83F50B5E}.Debug|x64.ActiveCfg = Debug|x64
		{351F786A-5A2A-4533-AE8D-A7AF83F50B5E}.Debug|x64.Build.0 = Debug|x64
		{351F786A-5A2A-4533-AE8D-A7AF83F50B5E}.Debug|x86.ActiveCfg = Debug|Win32
		{351F786A-5A2A-4533-AE8D-A7AF83F50B5E}.Debug|x86.Build.0 = Debug|Win32
		{351F786A-5A2A-4533-AE8D-A7AF83F50B5E}.Release|x64.ActiveCfg = Release|x64
		{351F786A-5A2A-4533-AE8D-A7AF83F50B5E}.Release|x64.Build.0 = Release|x64
		{351F786A-5A2A-4533-AE8D-A7AF83F50B5E}.Release|x86.ActiveCfg = Release|Win32
		{351F786A-5A2A-4533-AE8D-A7AF83F50B5E}.Release|x86.Build.0 = Release|Win32
		{CA9BDC9F-D2D0-4421-BF2F-DAD41E44C6AD}.Debug|x64.ActiveCfg = Debug|x64
		{CA9BDC9F-D2D0-4421-BF2F-DAD41E44C6AD}.Debug|x64.Build.0 = Debug|x64
		{CA9BDC9F-D2D0-4421-BF2F-DAD41E44C6AD}.Debug|x86.ActiveCfg = Debug|Win32
		{CA9BDC9F-D2D0-4421-BF2F-DAD41E44C6AD}.Debug|x86.Build.0 = Debug|Win32
		{CA9BDC9F-D2D0-4421-BF2F-DAD41E44C6AD}.Release|x64.ActiveCfg = Release|x64
		{CA9BDC9F-D2D0-4421-BF2F-DAD41E44C6AD}.Release|x64.Build.0 = Release|x64
		{CA9BDC9F-D2D0-4421-BF2F-DAD41E44C6AD}.Release|x86.ActiveCfg = Release|Win32
		{CA9BDC9F-D2D0-4421-BF2F-DAD41E44C6AD}.Release|x86.Build.0 = Release|Win32
		{1B059867-22D0-4AD2-A9BF-0D4F78A2C646}.Debug|x64.ActiveCfg = Debug|x64
		{1B059867-22D0-4AD2-A9BF-0D4F78A2C646}.Debug|x64.Build.0 = Debug|x64
		{1B059867-22D0-4AD2-A9BF-0D4F78A2C646}.Debug|x86.ActiveCfg = Debug|Win32
		{1B059867-22D0-4AD2-A9BF-0D4F78A2C646}.Debug|x86.Build.0 = Debug|Win32
		{1B059867-22D0-4AD2-A9BF-0D4F78A2C646}.Release|x64.ActiveCfg = Release|x64
		{1B059867-22D0-4AD2-A9BF-0D4F78A2C646}.Release|x64.Build.0 = Release|x64
		{1B059867-22D0-4AD2-A9BF-0D4F78A2C646}.Release|x86.ActiveCfg = Release|Win32
		{1B059867-22D0-4AD2-A9BF-0D4F78A2C646}.Release|x86.Build.0 = Release|Win32
		{3354DB58-0F11-4D26-9BF4-C52CF3F1B3B2}.Debug|x64.ActiveCfg = Debug|x64
		{3354DB58-0F11-4D26-9BF4-C52CF3F1B3B2}.Debug|x64.Build.0 = Debug|x64
		{3354DB58-0F11-4D26-9BF4-C52CF3F1B3B2}.Debug|x86.ActiveCfg = Debug|Win32
		{3354DB58-0F11-4D26-9BF4-C52CF3F1B3B2}.Debug|x86.Build.0 = Debug|Win32
		{3354DB58-0F11-4D26-9BF4-C52CF3F1B3B2}.Release|x64.ActiveCfg = Release|x64
		{3354DB58-0F11-4D26-9BF4-C52CF3F1B3B2}.Release|x64.Build.0 = Release|x64
		{3354DB58-0F11-4D26-9BF4-C52CF3F1B3B2}.Release|x86.ActiveCfg = Release|Win32
		{3354DB58-0F11-4D26-9BF4-C52CF3F1B3B2}.Release|x86.Build.0 = Release|Win32
		{B6E90E56-B88D-40D4-A33F-E7B927BF9D4B}.Debug|x64.ActiveCfg = Debug|x64
		{B6E90E56-B88D-40D4-A33F-E7B927BF9D4B}.Debug|x64.Build.0 = Debug|x64
		{B6E90E56-B88D-40D4-A33F-E7B927BF9D4B}.Debug|x86.ActiveCfg = Debug|Win32
		{B6E90E56-B88D-40D4-A33F-E7B927BF9D4B}.Debug|x86.Build.0 = Debug|Win32
		{B6E90E56-B88D-40D4-A33F-E7B927BF9D4B}.Release|x64.ActiveCfg = Release|x64
		{B6E90E56-B88D-40D4-A33F-E7B927BF9D4B}.Release|x64.Build.0 = Release|x64
		{B6E90E56-B88D-40D4-A33F-E7B927BF9D4B}.Release|x86.ActiveCfg = Release|Win32
		{B6E90E56-B88D-40D4-A33F-E7B927BF9D4B}.Release|x86.Build.0 = Release|Win32
		{17E854C9-FC88-42C1-BCE7-0B1104ECFCE0}.Debug|x64.ActiveCfg = Debug|x64
		{17E854C9-FC88-42C1-BCE7-0B1104ECFCE0}.Debug|x64.Build.0 = Debug|x64
		{17E854C9-FC88-42C1-BCE7-0B1104ECFCE0}.Debug|x86.ActiveCfg = Debug|Win32
		{17E854C9-FC88-42C1-BCE7-0B1104ECFCE0}.Debug|x86.Build.0 = Debug|Win32
		{17E854C9-FC88-42C1-BCE7-0B1104ECFCE0}.Release|x64.ActiveCfg = Release|x64
		{17E854C9-FC88-42C1-BCE7-0B1104ECFCE0}.Release|x64.Build.0 = Release|x64
		{17E854C9-FC88-42C1-BCE7-0B1104ECFCE0}.Release|x86.ActiveCfg = Release|Win32
		{17E854C9-FC88-42C1-BCE7-0B1104ECFCE0}.Release|x86.Build.0 = Release|Win32
		{4FBD6244-32D3-4131-8D75-D6A899766D71}.Debug|x64.ActiveCfg = Debug|x64
		{4FBD6244-32D3-4131-8D75-D6A899766D71}.Debug|x64.Build.0 = Debug|x64
		{4FBD6244-32D3-4131-8D75-D6A899766D71}.Debug|x86.ActiveCfg = Debug|Win32
		{4FBD6244-32D3-4131-8D75-D6A899766D71}.Debug|x86.Build.0 = Debug|Win32
		{4FBD6244-32D3-4131-8D75-D6A899766D71}.Release|x64.ActiveCfg = Release|x64
		{4FBD6244-32D3-4131-8D75-D6A899766D71}.Release|x64.Build.0 = Release|x64
		{4FBD6244-32D3-4131-8D75-D6A899766D71}.Release|x86.ActiveCfg = Release|Win32
		{4FBD6244-32D3-4131-8D75-D6A899766D71}.Release|x86.Build.0 = Release|Win32
		{0F39F5B7-10ED-40CA-91F1-767B0D9E28C7}.Debug|x64.ActiveCfg = Debug|x64
		{0F39F5B7-10ED-40CA-91F1-767B0D9E28C7}.Debug|x64.Build.0 = Debug|x64
		{0F39F5B7-10ED-40CA-91F1-767B0D9E28C7}.Debug|x86.ActiveCfg = Debug|Win32
		{0F39F5B7-10ED-40CA-91F1-767B0D9E28C7}.Debug|x86.Build.0 = Debug|Win32
		{0F39F5B7-10ED-40CA-91F1-767B0D9E28C7}.Release|x64.ActiveCfg = Release|x64
		{0F39F5B7-10ED-40CA-91F1-767B0D9E28C7}.Release|x64.Build.0 = Release|x64
		{0F39F5B7-10ED-40CA-91F1-767B0D9E28C7}.Release|x86.ActiveCfg = Release|Win32
		{0F39F5B7-10ED-40CA-91F1-767B0D9E28C7}.Release|x86.Build.0 = Release|Win32
		{D0FA6C95-740A-4512-97FE-C3A6CB029B74}.Debug|x64.ActiveCfg = Debug|x64
		{D0FA6C95-740A-4512-97FE-C3A6CB029B74}.Debug|x64.Build.0 = Debug|x64
		{D0FA6C95-740A-4512-97FE-C3A6CB029B74}.Debug|x86.ActiveCfg = Debug|Win32
		{D0FA6C95-740A-4512-97FE-C3A6CB029B74}.Debug|x86.Build.0 = Debug|Win32
		{D0FA6C95-740A-4512-97FE-C3A6CB029B74}.Release|x64.ActiveCfg = Release|x64
		{D0FA6C95-740A-4512-97FE-C3A6CB029B74}.Release|x64.Build.0 = Release|x64
		{D0FA6C95-740A-4512-97FE-C3A6CB029B74}.Release|x86.ActiveCfg = Release|Win32
		{D0FA6C95-740A-4512-97FE-C3A6CB029B74}.Release|x86.Build.0 = Release|Win32
	EndGlobalSection
	GlobalSection(SolutionProperties) = preSolution
		HideSolutionNode = FALSE
	EndGlobalSection
	GlobalSection(ExtensibilityGlobals) = postSolution
		SolutionGuid = {6BAFB1B1-FB12-483C-8B24-2A89E0C2A2E6}
	EndGlobalSection
EndGlobal
